
Microsoft Visual Studio Solution File, Format Version 12.00
# Visual Studio Version 16
VisualStudioVersion = 16.0.809.6
MinimumVisualStudioVersion = 10.0.40219.1
Project("{FAE04EC0-301F-11D3-BF4B-00C04F79EFBC}") = "sampleApu", "sampleApu\sampleApu.csproj", "{1C86D1F3-456E-447F-8F83-0DB4094710DE}"
EndProject
Global
	GlobalSection(SolutionConfigurationPlatforms) = preSolution
		Debug|Any CPU = Debug|Any CPU
		Release|Any CPU = Release|Any CPU
	EndGlobalSection
	GlobalSection(ProjectConfigurationPlatforms) = postSolution
		{1C86D1F3-456E-447F-8F83-0DB4094710DE}.Debug|Any CPU.ActiveCfg = Debug|Any CPU
		{1C86D1F3-456E-447F-8F83-0DB4094710DE}.Debug|Any CPU.Build.0 = Debug|Any CPU
		{1C86D1F3-456E-447F-8F83-0DB4094710DE}.Release|Any CPU.ActiveCfg = Release|Any CPU
		{1C86D1F3-456E-447F-8F83-0DB4094710DE}.Release|Any CPU.Build.0 = Release|Any CPU
	EndGlobalSection
	GlobalSection(SolutionProperties) = preSolution
		HideSolutionNode = FALSE
	EndGlobalSection
	GlobalSection(ExtensibilityGlobals) = postSolution
		SolutionGuid = {7B909AAE-524A-40FB-A08A-D7CB163C0172}
	EndGlobalSection
EndGlobal
